
Microsoft Visual Studio Solution File, Format Version 12.00
# Visual Studio Version 17
VisualStudioVersion = 17.3.32929.385
MinimumVisualStudioVersion = 10.0.40219.1
Project("{FAE04EC0-301F-11D3-BF4B-00C04F79EFBC}") = "pablo.API", "pablo.API\pablo.API.csproj", "{189A8101-4544-4C4D-8758-C5B384483517}"
EndProject
Global
	GlobalSection(SolutionConfigurationPlatforms) = preSolution
		Debug|Any CPU = Debug|Any CPU
		Release|Any CPU = Release|Any CPU
	EndGlobalSection
	GlobalSection(ProjectConfigurationPlatforms) = postSolution
		{189A8101-4544-4C4D-8758-C5B384483517}.Debug|Any CPU.ActiveCfg = Debug|Any CPU
		{189A8101-4544-4C4D-8758-C5B384483517}.Debug|Any CPU.Build.0 = Debug|Any CPU
		{189A8101-4544-4C4D-8758-C5B384483517}.Release|Any CPU.ActiveCfg = Release|Any CPU
		{189A8101-4544-4C4D-8758-C5B384483517}.Release|Any CPU.Build.0 = Release|Any CPU
	EndGlobalSection
	GlobalSection(SolutionProperties) = preSolution
		HideSolutionNode = FALSE
	EndGlobalSection
	GlobalSection(ExtensibilityGlobals) = postSolution
		SolutionGuid = {171BB30A-2C4A-4FD7-9480-C363C155430E}
	EndGlobalSection
EndGlobal
